
Microsoft Visual Studio Solution File, Format Version 12.00
# Visual Studio Version 17
VisualStudioVersion = 17.2.32616.157
MinimumVisualStudioVersion = 10.0.40219.1
Project("{9A19103F-16F7-4668-BE54-9A1E7A4F7556}") = "DeadByDaylightRandomiser", "DeadByDaylightRandomiser.csproj", "{3C662BA7-DBDD-47AD-83DE-70F064B3D19A}"
EndProject
Global
	GlobalSection(SolutionConfigurationPlatforms) = preSolution
		Debug|Any CPU = Debug|Any CPU
		Release|Any CPU = Release|Any CPU
	EndGlobalSection
	GlobalSection(ProjectConfigurationPlatforms) = postSolution
		{3C662BA7-DBDD-47AD-83DE-70F064B3D19A}.Debug|Any CPU.ActiveCfg = Debug|Any CPU
		{3C662BA7-DBDD-47AD-83DE-70F064B3D19A}.Debug|Any CPU.Build.0 = Debug|Any CPU
		{3C662BA7-DBDD-47AD-83DE-70F064B3D19A}.Release|Any CPU.ActiveCfg = Release|Any CPU
		{3C662BA7-DBDD-47AD-83DE-70F064B3D19A}.Release|Any CPU.Build.0 = Release|Any CPU
	EndGlobalSection
	GlobalSection(SolutionProperties) = preSolution
		HideSolutionNode = FALSE
	EndGlobalSection
	GlobalSection(ExtensibilityGlobals) = postSolution
		SolutionGuid = {B5676D67-E46D-4347-BDA3-0ACE693CC15F}
	EndGlobalSection
EndGlobal
